
Microsoft Visual Studio Solution File, Format Version 12.00
# Visual Studio 15
VisualStudioVersion = 15.0.26124.0
MinimumVisualStudioVersion = 15.0.26124.0
Project("{9A19103F-16F7-4668-BE54-9A1E7A4F7556}") = "libUnpack", "libUnpack\libUnpack.csproj", "{3CED05CA-2037-4249-B305-203B66ED1929}"
EndProject
Project("{9A19103F-16F7-4668-BE54-9A1E7A4F7556}") = "libUnpack.Test", "libUnpack.Test\libUnpack.Test.csproj", "{45AD9F46-B38B-44A9-8E21-73CBF1B5ABDC}"
EndProject
Global
	GlobalSection(SolutionConfigurationPlatforms) = preSolution
		Debug|Any CPU = Debug|Any CPU
		Debug|x64 = Debug|x64
		Debug|x86 = Debug|x86
		Release|Any CPU = Release|Any CPU
		Release|x64 = Release|x64
		Release|x86 = Release|x86
	EndGlobalSection
	GlobalSection(ProjectConfigurationPlatforms) = postSolution
		{3CED05CA-2037-4249-B305-203B66ED1929}.Debug|Any CPU.ActiveCfg = Debug|Any CPU
		{3CED05CA-2037-4249-B305-203B66ED1929}.Debug|Any CPU.Build.0 = Debug|Any CPU
		{3CED05CA-2037-4249-B305-203B66ED1929}.Debug|x64.ActiveCfg = Debug|Any CPU
		{3CED05CA-2037-4249-B305-203B66ED1929}.Debug|x64.Build.0 = Debug|Any CPU
		{3CED05CA-2037-4249-B305-203B66ED1929}.Debug|x86.ActiveCfg = Debug|Any CPU
		{3CED05CA-2037-4249-B305-203B66ED1929}.Debug|x86.Build.0 = Debug|Any CPU
		{3CED05CA-2037-4249-B305-203B66ED1929}.Release|Any CPU.ActiveCfg = Release|Any CPU
		{3CED05CA-2037-4249-B305-203B66ED1929}.Release|Any CPU.Build.0 = Release|Any CPU
		{3CED05CA-2037-4249-B305-203B66ED1929}.Release|x64.ActiveCfg = Release|Any CPU
		{3CED05CA-2037-4249-B305-203B66ED1929}.Release|x64.Build.0 = Release|Any CPU
		{3CED05CA-2037-4249-B305-203B66ED1929}.Release|x86.ActiveCfg = Release|Any CPU
		{3CED05CA-2037-4249-B305-203B66ED1929}.Release|x86.Build.0 = Release|Any CPU
		{45AD9F46-B38B-44A9-8E21-73CBF1B5ABDC}.Debug|Any CPU.ActiveCfg = Debug|Any CPU
		{45AD9F46-B38B-44A9-8E21-73CBF1B5ABDC}.Debug|Any CPU.Build.0 = Debug|Any CPU
		{45AD9F46-B38B-44A9-8E21-73CBF1B5ABDC}.Debug|x64.ActiveCfg = Debug|Any CPU
		{45AD9F46-B38B-44A9-8E21-73CBF1B5ABDC}.Debug|x64.Build.0 = Debug|Any CPU
		{45AD9F46-B38B-44A9-8E21-73CBF1B5ABDC}.Debug|x86.ActiveCfg = Debug|Any CPU
		{45AD9F46-B38B-44A9-8E21-73CBF1B5ABDC}.Debug|x86.Build.0 = Debug|Any CPU
		{45AD9F46-B38B-44A9-8E21-73CBF1B5ABDC}.Release|Any CPU.ActiveCfg = Release|Any CPU
		{45AD9F46-B38B-44A9-8E21-73CBF1B5ABDC}.Release|Any CPU.Build.0 = Release|Any CPU
		{45AD9F46-B38B-44A9-8E21-73CBF1B5ABDC}.Release|x64.ActiveCfg = Release|Any CPU
		{45AD9F46-B38B-44A9-8E21-73CBF1B5ABDC}.Release|x64.Build.0 = Release|Any CPU
		{45AD9F46-B38B-44A9-8E21-73CBF1B5ABDC}.Release|x86.ActiveCfg = Release|Any CPU
		{45AD9F46-B38B-44A9-8E21-73CBF1B5ABDC}.Release|x86.Build.0 = Release|Any CPU
	EndGlobalSection
	GlobalSection(SolutionProperties) = preSolution
		HideSolutionNode = FALSE
	EndGlobalSection
	GlobalSection(ExtensibilityGlobals) = postSolution
		SolutionGuid = {38E1F717-2154-4578-92FD-94006AE5F677}
	EndGlobalSection
EndGlobal
