
Microsoft Visual Studio Solution File, Format Version 12.00
# Visual Studio Version 16
VisualStudioVersion = 16.0.29806.167
MinimumVisualStudioVersion = 15.0.26124.0
Project("{9A19103F-16F7-4668-BE54-9A1E7A4F7556}") = "libUnpack", "libUnpack\libUnpack.csproj", "{3CED05CA-2037-4249-B305-203B66ED1929}"
EndProject
Project("{9A19103F-16F7-4668-BE54-9A1E7A4F7556}") = "libUnpack.Test", "libUnpack.Test\libUnpack.Test.csproj", "{45AD9F46-B38B-44A9-8E21-73CBF1B5ABDC}"
EndProject
Project("{9A19103F-16F7-4668-BE54-9A1E7A4F7556}") = "OFP", "OFP\OFP.csproj", "{EA706CA0-4873-407A-9D93-3A00ABE5FED4}"
EndProject
Project("{9A19103F-16F7-4668-BE54-9A1E7A4F7556}") = "OFP.Abstractions", "OFP.Abstractions\OFP.Abstractions.csproj", "{7BE42B9F-1872-4894-8918-DF70CAA7441D}"
EndProject
Project("{FAE04EC0-301F-11D3-BF4B-00C04F79EFBC}") = "OFP.Library", "OFP.Library\OFP.Library.csproj", "{2425D064-5355-4CCF-8DB7-56BE8E833C06}"
EndProject
Global
	GlobalSection(SolutionConfigurationPlatforms) = preSolution
		Debug|Any CPU = Debug|Any CPU
		Debug|x64 = Debug|x64
		Debug|x86 = Debug|x86
		Release|Any CPU = Release|Any CPU
		Release|x64 = Release|x64
		Release|x86 = Release|x86
	EndGlobalSection
	GlobalSection(ProjectConfigurationPlatforms) = postSolution
		{3CED05CA-2037-4249-B305-203B66ED1929}.Debug|Any CPU.ActiveCfg = Debug|Any CPU
		{3CED05CA-2037-4249-B305-203B66ED1929}.Debug|Any CPU.Build.0 = Debug|Any CPU
		{3CED05CA-2037-4249-B305-203B66ED1929}.Debug|x64.ActiveCfg = Debug|Any CPU
		{3CED05CA-2037-4249-B305-203B66ED1929}.Debug|x64.Build.0 = Debug|Any CPU
		{3CED05CA-2037-4249-B305-203B66ED1929}.Debug|x86.ActiveCfg = Debug|Any CPU
		{3CED05CA-2037-4249-B305-203B66ED1929}.Debug|x86.Build.0 = Debug|Any CPU
		{3CED05CA-2037-4249-B305-203B66ED1929}.Release|Any CPU.ActiveCfg = Release|Any CPU
		{3CED05CA-2037-4249-B305-203B66ED1929}.Release|Any CPU.Build.0 = Release|Any CPU
		{3CED05CA-2037-4249-B305-203B66ED1929}.Release|x64.ActiveCfg = Release|Any CPU
		{3CED05CA-2037-4249-B305-203B66ED1929}.Release|x64.Build.0 = Release|Any CPU
		{3CED05CA-2037-4249-B305-203B66ED1929}.Release|x86.ActiveCfg = Release|Any CPU
		{3CED05CA-2037-4249-B305-203B66ED1929}.Release|x86.Build.0 = Release|Any CPU
		{45AD9F46-B38B-44A9-8E21-73CBF1B5ABDC}.Debug|Any CPU.ActiveCfg = Debug|Any CPU
		{45AD9F46-B38B-44A9-8E21-73CBF1B5ABDC}.Debug|Any CPU.Build.0 = Debug|Any CPU
		{45AD9F46-B38B-44A9-8E21-73CBF1B5ABDC}.Debug|x64.ActiveCfg = Debug|Any CPU
		{45AD9F46-B38B-44A9-8E21-73CBF1B5ABDC}.Debug|x64.Build.0 = Debug|Any CPU
		{45AD9F46-B38B-44A9-8E21-73CBF1B5ABDC}.Debug|x86.ActiveCfg = Debug|Any CPU
		{45AD9F46-B38B-44A9-8E21-73CBF1B5ABDC}.Debug|x86.Build.0 = Debug|Any CPU
		{45AD9F46-B38B-44A9-8E21-73CBF1B5ABDC}.Release|Any CPU.ActiveCfg = Release|Any CPU
		{45AD9F46-B38B-44A9-8E21-73CBF1B5ABDC}.Release|Any CPU.Build.0 = Release|Any CPU
		{45AD9F46-B38B-44A9-8E21-73CBF1B5ABDC}.Release|x64.ActiveCfg = Release|Any CPU
		{45AD9F46-B38B-44A9-8E21-73CBF1B5ABDC}.Release|x64.Build.0 = Release|Any CPU
		{45AD9F46-B38B-44A9-8E21-73CBF1B5ABDC}.Release|x86.ActiveCfg = Release|Any CPU
		{45AD9F46-B38B-44A9-8E21-73CBF1B5ABDC}.Release|x86.Build.0 = Release|Any CPU
		{EA706CA0-4873-407A-9D93-3A00ABE5FED4}.Debug|Any CPU.ActiveCfg = Debug|Any CPU
		{EA706CA0-4873-407A-9D93-3A00ABE5FED4}.Debug|Any CPU.Build.0 = Debug|Any CPU
		{EA706CA0-4873-407A-9D93-3A00ABE5FED4}.Debug|x64.ActiveCfg = Debug|Any CPU
		{EA706CA0-4873-407A-9D93-3A00ABE5FED4}.Debug|x64.Build.0 = Debug|Any CPU
		{EA706CA0-4873-407A-9D93-3A00ABE5FED4}.Debug|x86.ActiveCfg = Debug|Any CPU
		{EA706CA0-4873-407A-9D93-3A00ABE5FED4}.Debug|x86.Build.0 = Debug|Any CPU
		{EA706CA0-4873-407A-9D93-3A00ABE5FED4}.Release|Any CPU.ActiveCfg = Release|Any CPU
		{EA706CA0-4873-407A-9D93-3A00ABE5FED4}.Release|Any CPU.Build.0 = Release|Any CPU
		{EA706CA0-4873-407A-9D93-3A00ABE5FED4}.Release|x64.ActiveCfg = Release|Any CPU
		{EA706CA0-4873-407A-9D93-3A00ABE5FED4}.Release|x64.Build.0 = Release|Any CPU
		{EA706CA0-4873-407A-9D93-3A00ABE5FED4}.Release|x86.ActiveCfg = Release|Any CPU
		{EA706CA0-4873-407A-9D93-3A00ABE5FED4}.Release|x86.Build.0 = Release|Any CPU
		{7BE42B9F-1872-4894-8918-DF70CAA7441D}.Debug|Any CPU.ActiveCfg = Debug|Any CPU
		{7BE42B9F-1872-4894-8918-DF70CAA7441D}.Debug|Any CPU.Build.0 = Debug|Any CPU
		{7BE42B9F-1872-4894-8918-DF70CAA7441D}.Debug|x64.ActiveCfg = Debug|Any CPU
		{7BE42B9F-1872-4894-8918-DF70CAA7441D}.Debug|x64.Build.0 = Debug|Any CPU
		{7BE42B9F-1872-4894-8918-DF70CAA7441D}.Debug|x86.ActiveCfg = Debug|Any CPU
		{7BE42B9F-1872-4894-8918-DF70CAA7441D}.Debug|x86.Build.0 = Debug|Any CPU
		{7BE42B9F-1872-4894-8918-DF70CAA7441D}.Release|Any CPU.ActiveCfg = Release|Any CPU
		{7BE42B9F-1872-4894-8918-DF70CAA7441D}.Release|Any CPU.Build.0 = Release|Any CPU
		{7BE42B9F-1872-4894-8918-DF70CAA7441D}.Release|x64.ActiveCfg = Release|Any CPU
		{7BE42B9F-1872-4894-8918-DF70CAA7441D}.Release|x64.Build.0 = Release|Any CPU
		{7BE42B9F-1872-4894-8918-DF70CAA7441D}.Release|x86.ActiveCfg = Release|Any CPU
		{7BE42B9F-1872-4894-8918-DF70CAA7441D}.Release|x86.Build.0 = Release|Any CPU
		{2425D064-5355-4CCF-8DB7-56BE8E833C06}.Debug|Any CPU.ActiveCfg = Debug|Any CPU
		{2425D064-5355-4CCF-8DB7-56BE8E833C06}.Debug|Any CPU.Build.0 = Debug|Any CPU
		{2425D064-5355-4CCF-8DB7-56BE8E833C06}.Debug|x64.ActiveCfg = Debug|Any CPU
		{2425D064-5355-4CCF-8DB7-56BE8E833C06}.Debug|x64.Build.0 = Debug|Any CPU
		{2425D064-5355-4CCF-8DB7-56BE8E833C06}.Debug|x86.ActiveCfg = Debug|Any CPU
		{2425D064-5355-4CCF-8DB7-56BE8E833C06}.Debug|x86.Build.0 = Debug|Any CPU
		{2425D064-5355-4CCF-8DB7-56BE8E833C06}.Release|Any CPU.ActiveCfg = Release|Any CPU
		{2425D064-5355-4CCF-8DB7-56BE8E833C06}.Release|Any CPU.Build.0 = Release|Any CPU
		{2425D064-5355-4CCF-8DB7-56BE8E833C06}.Release|x64.ActiveCfg = Release|Any CPU
		{2425D064-5355-4CCF-8DB7-56BE8E833C06}.Release|x64.Build.0 = Release|Any CPU
		{2425D064-5355-4CCF-8DB7-56BE8E833C06}.Release|x86.ActiveCfg = Release|Any CPU
		{2425D064-5355-4CCF-8DB7-56BE8E833C06}.Release|x86.Build.0 = Release|Any CPU
	EndGlobalSection
	GlobalSection(SolutionProperties) = preSolution
		HideSolutionNode = FALSE
	EndGlobalSection
	GlobalSection(ExtensibilityGlobals) = postSolution
		SolutionGuid = {38E1F717-2154-4578-92FD-94006AE5F677}
	EndGlobalSection
EndGlobal
